
Microsoft Visual Studio Solution File, Format Version 12.00
# Visual Studio Version 17
VisualStudioVersion = 17.5.33627.172
MinimumVisualStudioVersion = 10.0.40219.1
Project("{FAE04EC0-301F-11D3-BF4B-00C04F79EFBC}") = "MailSaver", "MailSaver\MailSaver.csproj", "{0547E2D3-9256-4F8C-9F13-36E7D4B1BECA}"
EndProject
Global
	GlobalSection(SolutionConfigurationPlatforms) = preSolution
		Debug|Any CPU = Debug|Any CPU
		Release|Any CPU = Release|Any CPU
	EndGlobalSection
	GlobalSection(ProjectConfigurationPlatforms) = postSolution
		{0547E2D3-9256-4F8C-9F13-36E7D4B1BECA}.Debug|Any CPU.ActiveCfg = Debug|Any CPU
		{0547E2D3-9256-4F8C-9F13-36E7D4B1BECA}.Debug|Any CPU.Build.0 = Debug|Any CPU
		{0547E2D3-9256-4F8C-9F13-36E7D4B1BECA}.Release|Any CPU.ActiveCfg = Release|Any CPU
		{0547E2D3-9256-4F8C-9F13-36E7D4B1BECA}.Release|Any CPU.Build.0 = Release|Any CPU
	EndGlobalSection
	GlobalSection(SolutionProperties) = preSolution
		HideSolutionNode = FALSE
	EndGlobalSection
	GlobalSection(ExtensibilityGlobals) = postSolution
		SolutionGuid = {9B2E8F89-6F61-45B7-97D8-1B5E05474985}
	EndGlobalSection
EndGlobal
